
Microsoft Visual Studio Solution File, Format Version 12.00
# Visual Studio Version 17
VisualStudioVersion = 17.2.32630.192
MinimumVisualStudioVersion = 10.0.40219.1
Project("{FAE04EC0-301F-11D3-BF4B-00C04F79EFBC}") = "DBCrud", "DBCrud\DBCrud.csproj", "{CDBAD900-8414-4D10-AD2D-30023B5131F4}"
EndProject
Global
	GlobalSection(SolutionConfigurationPlatforms) = preSolution
		Debug|Any CPU = Debug|Any CPU
		Release|Any CPU = Release|Any CPU
	EndGlobalSection
	GlobalSection(ProjectConfigurationPlatforms) = postSolution
		{CDBAD900-8414-4D10-AD2D-30023B5131F4}.Debug|Any CPU.ActiveCfg = Debug|Any CPU
		{CDBAD900-8414-4D10-AD2D-30023B5131F4}.Debug|Any CPU.Build.0 = Debug|Any CPU
		{CDBAD900-8414-4D10-AD2D-30023B5131F4}.Release|Any CPU.ActiveCfg = Release|Any CPU
		{CDBAD900-8414-4D10-AD2D-30023B5131F4}.Release|Any CPU.Build.0 = Release|Any CPU
	EndGlobalSection
	GlobalSection(SolutionProperties) = preSolution
		HideSolutionNode = FALSE
	EndGlobalSection
	GlobalSection(ExtensibilityGlobals) = postSolution
		SolutionGuid = {7158E21F-A04D-4552-BB3E-D319BC94FC89}
	EndGlobalSection
EndGlobal
