
Microsoft Visual Studio Solution File, Format Version 12.00
# Visual Studio Version 17
VisualStudioVersion = 17.3.32804.467
MinimumVisualStudioVersion = 10.0.40219.1
Project("{FAE04EC0-301F-11D3-BF4B-00C04F79EFBC}") = "Extensions", "Extensions\Extensions.csproj", "{BAD6FE29-354F-4A89-A460-A128E20F4C2A}"
EndProject
Global
	GlobalSection(SolutionConfigurationPlatforms) = preSolution
		Debug|Any CPU = Debug|Any CPU
		Release|Any CPU = Release|Any CPU
	EndGlobalSection
	GlobalSection(ProjectConfigurationPlatforms) = postSolution
		{BAD6FE29-354F-4A89-A460-A128E20F4C2A}.Debug|Any CPU.ActiveCfg = Debug|Any CPU
		{BAD6FE29-354F-4A89-A460-A128E20F4C2A}.Debug|Any CPU.Build.0 = Debug|Any CPU
		{BAD6FE29-354F-4A89-A460-A128E20F4C2A}.Release|Any CPU.ActiveCfg = Release|Any CPU
		{BAD6FE29-354F-4A89-A460-A128E20F4C2A}.Release|Any CPU.Build.0 = Release|Any CPU
	EndGlobalSection
	GlobalSection(SolutionProperties) = preSolution
		HideSolutionNode = FALSE
	EndGlobalSection
	GlobalSection(ExtensibilityGlobals) = postSolution
		SolutionGuid = {FE2FBAA9-D485-4E51-8D79-C25668CEC976}
	EndGlobalSection
EndGlobal
