
Microsoft Visual Studio Solution File, Format Version 12.00
# Visual Studio Version 17
VisualStudioVersion = 17.2.32630.192
MinimumVisualStudioVersion = 10.0.40219.1
Project("{FAE04EC0-301F-11D3-BF4B-00C04F79EFBC}") = "Authentication", "Authentication\Authentication.csproj", "{88A849A2-AEE3-4A43-9DF9-27BF5327DA6C}"
EndProject
Global
	GlobalSection(SolutionConfigurationPlatforms) = preSolution
		Debug|Any CPU = Debug|Any CPU
		Release|Any CPU = Release|Any CPU
	EndGlobalSection
	GlobalSection(ProjectConfigurationPlatforms) = postSolution
		{88A849A2-AEE3-4A43-9DF9-27BF5327DA6C}.Debug|Any CPU.ActiveCfg = Debug|Any CPU
		{88A849A2-AEE3-4A43-9DF9-27BF5327DA6C}.Debug|Any CPU.Build.0 = Debug|Any CPU
		{88A849A2-AEE3-4A43-9DF9-27BF5327DA6C}.Release|Any CPU.ActiveCfg = Release|Any CPU
		{88A849A2-AEE3-4A43-9DF9-27BF5327DA6C}.Release|Any CPU.Build.0 = Release|Any CPU
	EndGlobalSection
	GlobalSection(SolutionProperties) = preSolution
		HideSolutionNode = FALSE
	EndGlobalSection
	GlobalSection(ExtensibilityGlobals) = postSolution
		SolutionGuid = {126C189B-5E17-4CB7-89BE-7022E48D75B5}
	EndGlobalSection
EndGlobal
