
Microsoft Visual Studio Solution File, Format Version 12.00
# Visual Studio Version 17
VisualStudioVersion = 17.2.32630.192
MinimumVisualStudioVersion = 10.0.40219.1
Project("{FAE04EC0-301F-11D3-BF4B-00C04F79EFBC}") = "Intro", "Intro\Intro.csproj", "{A6BC68C4-1C46-4E1F-BE88-75215DE3A1F4}"
EndProject
Global
	GlobalSection(SolutionConfigurationPlatforms) = preSolution
		Debug|Any CPU = Debug|Any CPU
		Release|Any CPU = Release|Any CPU
	EndGlobalSection
	GlobalSection(ProjectConfigurationPlatforms) = postSolution
		{A6BC68C4-1C46-4E1F-BE88-75215DE3A1F4}.Debug|Any CPU.ActiveCfg = Debug|Any CPU
		{A6BC68C4-1C46-4E1F-BE88-75215DE3A1F4}.Debug|Any CPU.Build.0 = Debug|Any CPU
		{A6BC68C4-1C46-4E1F-BE88-75215DE3A1F4}.Release|Any CPU.ActiveCfg = Release|Any CPU
		{A6BC68C4-1C46-4E1F-BE88-75215DE3A1F4}.Release|Any CPU.Build.0 = Release|Any CPU
	EndGlobalSection
	GlobalSection(SolutionProperties) = preSolution
		HideSolutionNode = FALSE
	EndGlobalSection
	GlobalSection(ExtensibilityGlobals) = postSolution
		SolutionGuid = {1DD8BE48-1E95-4F01-A256-E42DE4261817}
	EndGlobalSection
EndGlobal
